// !$*UTF8*$!
{
	archiveVersion = 1;
	classes = {
	};
	objectVersion = 55;
	objects = {

/* Begin PBXBuildFile section */
		EEB1A90A26E9D58D000C4416 /* AppDelegate.swift in Sources */ = {isa = PBXBuildFile; fileRef = EEB1A90926E9D58D000C4416 /* AppDelegate.swift */; };
		EEB1A90C26E9D58D000C4416 /* SceneDelegate.swift in Sources */ = {isa = PBXBuildFile; fileRef = EEB1A90B26E9D58D000C4416 /* SceneDelegate.swift */; };
		EEB1A90E26E9D58D000C4416 /* ViewController.swift in Sources */ = {isa = PBXBuildFile; fileRef = EEB1A90D26E9D58D000C4416 /* ViewController.swift */; };
		EEB1A91126E9D58D000C4416 /* Main.storyboard in Resources */ = {isa = PBXBuildFile; fileRef = EEB1A90F26E9D58D000C4416 /* Main.storyboard */; };
		EEB1A91326E9D58E000C4416 /* Assets.xcassets in Resources */ = {isa = PBXBuildFile; fileRef = EEB1A91226E9D58E000C4416 /* Assets.xcassets */; };
		EEB1A91626E9D58E000C4416 /* LaunchScreen.storyboard in Resources */ = {isa = PBXBuildFile; fileRef = EEB1A91426E9D58E000C4416 /* LaunchScreen.storyboard */; };
		EEB1A92126E9D58F000C4416 /* AsyncTests.swift in Sources */ = {isa = PBXBuildFile; fileRef = EEB1A92026E9D58F000C4416 /* AsyncTests.swift */; };
		EEB1A92B26E9D58F000C4416 /* AsyncUITests.swift in Sources */ = {isa = PBXBuildFile; fileRef = EEB1A92A26E9D58F000C4416 /* AsyncUITests.swift */; };
/* End PBXBuildFile section */

/* Begin PBXContainerItemProxy section */
		EEB1A91D26E9D58F000C4416 /* PBXContainerItemProxy */ = {
			isa = PBXContainerItemProxy;
			containerPortal = EEB1A8FE26E9D58D000C4416 /* Project object */;
			proxyType = 1;
			remoteGlobalIDString = EEB1A90526E9D58D000C4416;
			remoteInfo = Async;
		};
		EEB1A92726E9D58F000C4416 /* PBXContainerItemProxy */ = {
			isa = PBXContainerItemProxy;
			containerPortal = EEB1A8FE26E9D58D000C4416 /* Project object */;
			proxyType = 1;
			remoteGlobalIDString = EEB1A90526E9D58D000C4416;
			remoteInfo = Async;
		};
/* End PBXContainerItemProxy section */

/* Begin PBXFileReference section */
		EEB1A90626E9D58D000C4416 /* Async.app */ = {isa = PBXFileReference; explicitFileType = wrapper.application; includeInIndex = 0; path = Async.app; sourceTree = BUILT_PRODUCTS_DIR; };
		EEB1A90926E9D58D000C4416 /* AppDelegate.swift */ = {isa = PBXFileReference; lastKnownFileType = sourcecode.swift; path = AppDelegate.swift; sourceTree = "<group>"; };
		EEB1A90B26E9D58D000C4416 /* SceneDelegate.swift */ = {isa = PBXFileReference; lastKnownFileType = sourcecode.swift; path = SceneDelegate.swift; sourceTree = "<group>"; };
		EEB1A90D26E9D58D000C4416 /* ViewController.swift */ = {isa = PBXFileReference; lastKnownFileType = sourcecode.swift; path = ViewController.swift; sourceTree = "<group>"; };
		EEB1A91026E9D58D000C4416 /* Base */ = {isa = PBXFileReference; lastKnownFileType = file.storyboard; name = Base; path = Base.lproj/Main.storyboard; sourceTree = "<group>"; };
		EEB1A91226E9D58E000C4416 /* Assets.xcassets */ = {isa = PBXFileReference; lastKnownFileType = folder.assetcatalog; path = Assets.xcassets; sourceTree = "<group>"; };
		EEB1A91526E9D58E000C4416 /* Base */ = {isa = PBXFileReference; lastKnownFileType = file.storyboard; name = Base; path = Base.lproj/LaunchScreen.storyboard; sourceTree = "<group>"; };
		EEB1A91726E9D58E000C4416 /* Info.plist */ = {isa = PBXFileReference; lastKnownFileType = text.plist.xml; path = Info.plist; sourceTree = "<group>"; };
		EEB1A91C26E9D58F000C4416 /* AsyncTests.xctest */ = {isa = PBXFileReference; explicitFileType = wrapper.cfbundle; includeInIndex = 0; path = AsyncTests.xctest; sourceTree = BUILT_PRODUCTS_DIR; };
		EEB1A92026E9D58F000C4416 /* AsyncTests.swift */ = {isa = PBXFileReference; lastKnownFileType = sourcecode.swift; path = AsyncTests.swift; sourceTree = "<group>"; };
		EEB1A92626E9D58F000C4416 /* AsyncUITests.xctest */ = {isa = PBXFileReference; explicitFileType = wrapper.cfbundle; includeInIndex = 0; path = AsyncUITests.xctest; sourceTree = BUILT_PRODUCTS_DIR; };
		EEB1A92A26E9D58F000C4416 /* AsyncUITests.swift */ = {isa = PBXFileReference; lastKnownFileType = sourcecode.swift; path = AsyncUITests.swift; sourceTree = "<group>"; };
/* End PBXFileReference section */

/* Begin PBXFrameworksBuildPhase section */
		EEB1A90326E9D58D000C4416 /* Frameworks */ = {
			isa = PBXFrameworksBuildPhase;
			buildActionMask = 2147483647;
			files = (
			);
			runOnlyForDeploymentPostprocessing = 0;
		};
		EEB1A91926E9D58F000C4416 /* Frameworks */ = {
			isa = PBXFrameworksBuildPhase;
			buildActionMask = 2147483647;
			files = (
			);
			runOnlyForDeploymentPostprocessing = 0;
		};
		EEB1A92326E9D58F000C4416 /* Frameworks */ = {
			isa = PBXFrameworksBuildPhase;
			buildActionMask = 2147483647;
			files = (
			);
			runOnlyForDeploymentPostprocessing = 0;
		};
/* End PBXFrameworksBuildPhase section */

/* Begin PBXGroup section */
		EEB1A8FD26E9D58D000C4416 = {
			isa = PBXGroup;
			children = (
				EEB1A90826E9D58D000C4416 /* Async */,
				EEB1A91F26E9D58F000C4416 /* AsyncTests */,
				EEB1A92926E9D58F000C4416 /* AsyncUITests */,
				EEB1A90726E9D58D000C4416 /* Products */,
			);
			sourceTree = "<group>";
		};
		EEB1A90726E9D58D000C4416 /* Products */ = {
			isa = PBXGroup;
			children = (
				EEB1A90626E9D58D000C4416 /* Async.app */,
				EEB1A91C26E9D58F000C4416 /* AsyncTests.xctest */,
				EEB1A92626E9D58F000C4416 /* AsyncUITests.xctest */,
			);
			name = Products;
			sourceTree = "<group>";
		};
		EEB1A90826E9D58D000C4416 /* Async */ = {
			isa = PBXGroup;
			children = (
				EEB1A90926E9D58D000C4416 /* AppDelegate.swift */,
				EEB1A90B26E9D58D000C4416 /* SceneDelegate.swift */,
				EEB1A90D26E9D58D000C4416 /* ViewController.swift */,
				EEB1A90F26E9D58D000C4416 /* Main.storyboard */,
				EEB1A91226E9D58E000C4416 /* Assets.xcassets */,
				EEB1A91426E9D58E000C4416 /* LaunchScreen.storyboard */,
				EEB1A91726E9D58E000C4416 /* Info.plist */,
			);
			path = Async;
			sourceTree = "<group>";
		};
		EEB1A91F26E9D58F000C4416 /* AsyncTests */ = {
			isa = PBXGroup;
			children = (
				EEB1A92026E9D58F000C4416 /* AsyncTests.swift */,
			);
			path = AsyncTests;
			sourceTree = "<group>";
		};
		EEB1A92926E9D58F000C4416 /* AsyncUITests */ = {
			isa = PBXGroup;
			children = (
				EEB1A92A26E9D58F000C4416 /* AsyncUITests.swift */,
			);
			path = AsyncUITests;
			sourceTree = "<group>";
		};
/* End PBXGroup section */

/* Begin PBXNativeTarget section */
		EEB1A90526E9D58D000C4416 /* Async */ = {
			isa = PBXNativeTarget;
			buildConfigurationList = EEB1A92E26E9D58F000C4416 /* Build configuration list for PBXNativeTarget "Async" */;
			buildPhases = (
				EEB1A90226E9D58D000C4416 /* Sources */,
				EEB1A90326E9D58D000C4416 /* Frameworks */,
				EEB1A90426E9D58D000C4416 /* Resources */,
			);
			buildRules = (
			);
			dependencies = (
			);
			name = Async;
			productName = Async;
			productReference = EEB1A90626E9D58D000C4416 /* Async.app */;
			productType = "com.apple.product-type.application";
		};
		EEB1A91B26E9D58F000C4416 /* AsyncTests */ = {
			isa = PBXNativeTarget;
			buildConfigurationList = EEB1A93126E9D58F000C4416 /* Build configuration list for PBXNativeTarget "AsyncTests" */;
			buildPhases = (
				EEB1A91826E9D58F000C4416 /* Sources */,
				EEB1A91926E9D58F000C4416 /* Frameworks */,
				EEB1A91A26E9D58F000C4416 /* Resources */,
			);
			buildRules = (
			);
			dependencies = (
				EEB1A91E26E9D58F000C4416 /* PBXTargetDependency */,
			);
			name = AsyncTests;
			productName = AsyncTests;
			productReference = EEB1A91C26E9D58F000C4416 /* AsyncTests.xctest */;
			productType = "com.apple.product-type.bundle.unit-test";
		};
		EEB1A92526E9D58F000C4416 /* AsyncUITests */ = {
			isa = PBXNativeTarget;
			buildConfigurationList = EEB1A93426E9D58F000C4416 /* Build configuration list for PBXNativeTarget "AsyncUITests" */;
			buildPhases = (
				EEB1A92226E9D58F000C4416 /* Sources */,
				EEB1A92326E9D58F000C4416 /* Frameworks */,
				EEB1A92426E9D58F000C4416 /* Resources */,
			);
			buildRules = (
			);
			dependencies = (
				EEB1A92826E9D58F000C4416 /* PBXTargetDependency */,
			);
			name = AsyncUITests;
			productName = AsyncUITests;
			productReference = EEB1A92626E9D58F000C4416 /* AsyncUITests.xctest */;
			productType = "com.apple.product-type.bundle.ui-testing";
		};
/* End PBXNativeTarget section */

/* Begin PBXProject section */
		EEB1A8FE26E9D58D000C4416 /* Project object */ = {
			isa = PBXProject;
			attributes = {
				BuildIndependentTargetsInParallel = 1;
				LastSwiftUpdateCheck = 1300;
				LastUpgradeCheck = 1300;
				TargetAttributes = {
					EEB1A90526E9D58D000C4416 = {
						CreatedOnToolsVersion = 13.0;
					};
					EEB1A91B26E9D58F000C4416 = {
						CreatedOnToolsVersion = 13.0;
						TestTargetID = EEB1A90526E9D58D000C4416;
					};
					EEB1A92526E9D58F000C4416 = {
						CreatedOnToolsVersion = 13.0;
						TestTargetID = EEB1A90526E9D58D000C4416;
					};
				};
			};
			buildConfigurationList = EEB1A90126E9D58D000C4416 /* Build configuration list for PBXProject "Async" */;
			compatibilityVersion = "Xcode 13.0";
			developmentRegion = en;
			hasScannedForEncodings = 0;
			knownRegions = (
				en,
				Base,
			);
			mainGroup = EEB1A8FD26E9D58D000C4416;
			productRefGroup = EEB1A90726E9D58D000C4416 /* Products */;
			projectDirPath = "";
			projectRoot = "";
			targets = (
				EEB1A90526E9D58D000C4416 /* Async */,
				EEB1A91B26E9D58F000C4416 /* AsyncTests */,
				EEB1A92526E9D58F000C4416 /* AsyncUITests */,
			);
		};
/* End PBXProject section */

/* Begin PBXResourcesBuildPhase section */
		EEB1A90426E9D58D000C4416 /* Resources */ = {
			isa = PBXResourcesBuildPhase;
			buildActionMask = 2147483647;
			files = (
				EEB1A91626E9D58E000C4416 /* LaunchScreen.storyboard in Resources */,
				EEB1A91326E9D58E000C4416 /* Assets.xcassets in Resources */,
				EEB1A91126E9D58D000C4416 /* Main.storyboard in Resources */,
			);
			runOnlyForDeploymentPostprocessing = 0;
		};
		EEB1A91A26E9D58F000C4416 /* Resources */ = {
			isa = PBXResourcesBuildPhase;
			buildActionMask = 2147483647;
			files = (
			);
			runOnlyForDeploymentPostprocessing = 0;
		};
		EEB1A92426E9D58F000C4416 /* Resources */ = {
			isa = PBXResourcesBuildPhase;
			buildActionMask = 2147483647;
			files = (
			);
			runOnlyForDeploymentPostprocessing = 0;
		};
/* End PBXResourcesBuildPhase section */

/* Begin PBXSourcesBuildPhase section */
		EEB1A90226E9D58D000C4416 /* Sources */ = {
			isa = PBXSourcesBuildPhase;
			buildActionMask = 2147483647;
			files = (
				EEB1A90E26E9D58D000C4416 /* ViewController.swift in Sources */,
				EEB1A90A26E9D58D000C4416 /* AppDelegate.swift in Sources */,
				EEB1A90C26E9D58D000C4416 /* SceneDelegate.swift in Sources */,
			);
			runOnlyForDeploymentPostprocessing = 0;
		};
		EEB1A91826E9D58F000C4416 /* Sources */ = {
			isa = PBXSourcesBuildPhase;
			buildActionMask = 2147483647;
			files = (
				EEB1A92126E9D58F000C4416 /* AsyncTests.swift in Sources */,
			);
			runOnlyForDeploymentPostprocessing = 0;
		};
		EEB1A92226E9D58F000C4416 /* Sources */ = {
			isa = PBXSourcesBuildPhase;
			buildActionMask = 2147483647;
			files = (
				EEB1A92B26E9D58F000C4416 /* AsyncUITests.swift in Sources */,
			);
			runOnlyForDeploymentPostprocessing = 0;
		};
/* End PBXSourcesBuildPhase section */

/* Begin PBXTargetDependency section */
		EEB1A91E26E9D58F000C4416 /* PBXTargetDependency */ = {
			isa = PBXTargetDependency;
			target = EEB1A90526E9D58D000C4416 /* Async */;
			targetProxy = EEB1A91D26E9D58F000C4416 /* PBXContainerItemProxy */;
		};
		EEB1A92826E9D58F000C4416 /* PBXTargetDependency */ = {
			isa = PBXTargetDependency;
			target = EEB1A90526E9D58D000C4416 /* Async */;
			targetProxy = EEB1A92726E9D58F000C4416 /* PBXContainerItemProxy */;
		};
/* End PBXTargetDependency section */

/* Begin PBXVariantGroup section */
		EEB1A90F26E9D58D000C4416 /* Main.storyboard */ = {
			isa = PBXVariantGroup;
			children = (
				EEB1A91026E9D58D000C4416 /* Base */,
			);
			name = Main.storyboard;
			sourceTree = "<group>";
		};
		EEB1A91426E9D58E000C4416 /* LaunchScreen.storyboard */ = {
			isa = PBXVariantGroup;
			children = (
				EEB1A91526E9D58E000C4416 /* Base */,
			);
			name = LaunchScreen.storyboard;
			sourceTree = "<group>";
		};
/* End PBXVariantGroup section */

/* Begin XCBuildConfiguration section */
		EEB1A92C26E9D58F000C4416 /* Debug */ = {
			isa = XCBuildConfiguration;
			buildSettings = {
				ALWAYS_SEARCH_USER_PATHS = NO;
				CLANG_ANALYZER_NONNULL = YES;
				CLANG_ANALYZER_NUMBER_OBJECT_CONVERSION = YES_AGGRESSIVE;
				CLANG_CXX_LANGUAGE_STANDARD = "gnu++17";
				CLANG_CXX_LIBRARY = "libc++";
				CLANG_ENABLE_MODULES = YES;
				CLANG_ENABLE_OBJC_ARC = YES;
				CLANG_ENABLE_OBJC_WEAK = YES;
				CLANG_WARN_BLOCK_CAPTURE_AUTORELEASING = YES;
				CLANG_WARN_BOOL_CONVERSION = YES;
				CLANG_WARN_COMMA = YES;
				CLANG_WARN_CONSTANT_CONVERSION = YES;
				CLANG_WARN_DEPRECATED_OBJC_IMPLEMENTATIONS = YES;
				CLANG_WARN_DIRECT_OBJC_ISA_USAGE = YES_ERROR;
				CLANG_WARN_DOCUMENTATION_COMMENTS = YES;
				CLANG_WARN_EMPTY_BODY = YES;
				CLANG_WARN_ENUM_CONVERSION = YES;
				CLANG_WARN_INFINITE_RECURSION = YES;
				CLANG_WARN_INT_CONVERSION = YES;
				CLANG_WARN_NON_LITERAL_NULL_CONVERSION = YES;
				CLANG_WARN_OBJC_IMPLICIT_RETAIN_SELF = YES;
				CLANG_WARN_OBJC_LITERAL_CONVERSION = YES;
				CLANG_WARN_OBJC_ROOT_CLASS = YES_ERROR;
				CLANG_WARN_QUOTED_INCLUDE_IN_FRAMEWORK_HEADER = YES;
				CLANG_WARN_RANGE_LOOP_ANALYSIS = YES;
				CLANG_WARN_STRICT_PROTOTYPES = YES;
				CLANG_WARN_SUSPICIOUS_MOVE = YES;
				CLANG_WARN_UNGUARDED_AVAILABILITY = YES_AGGRESSIVE;
				CLANG_WARN_UNREACHABLE_CODE = YES;
				CLANG_WARN__DUPLICATE_METHOD_MATCH = YES;
				COPY_PHASE_STRIP = NO;
				DEBUG_INFORMATION_FORMAT = dwarf;
				ENABLE_STRICT_OBJC_MSGSEND = YES;
				ENABLE_TESTABILITY = YES;
				GCC_C_LANGUAGE_STANDARD = gnu11;
				GCC_DYNAMIC_NO_PIC = NO;
				GCC_NO_COMMON_BLOCKS = YES;
				GCC_OPTIMIZATION_LEVEL = 0;
				GCC_PREPROCESSOR_DEFINITIONS = (
					"DEBUG=1",
					"$(inherited)",
				);
				GCC_WARN_64_TO_32_BIT_CONVERSION = YES;
				GCC_WARN_ABOUT_RETURN_TYPE = YES_ERROR;
				GCC_WARN_UNDECLARED_SELECTOR = YES;
				GCC_WARN_UNINITIALIZED_AUTOS = YES_AGGRESSIVE;
				GCC_WARN_UNUSED_FUNCTION = YES;
				GCC_WARN_UNUSED_VARIABLE = YES;
				IPHONEOS_DEPLOYMENT_TARGET = 15.0;
				MTL_ENABLE_DEBUG_INFO = INCLUDE_SOURCE;
				MTL_FAST_MATH = YES;
				ONLY_ACTIVE_ARCH = YES;
				SDKROOT = iphoneos;
				SWIFT_ACTIVE_COMPILATION_CONDITIONS = DEBUG;
				SWIFT_OPTIMIZATION_LEVEL = "-Onone";
			};
			name = Debug;
		};
		EEB1A92D26E9D58F000C4416 /* Release */ = {
			isa = XCBuildConfiguration;
			buildSettings = {
				ALWAYS_SEARCH_USER_PATHS = NO;
				CLANG_ANALYZER_NONNULL = YES;
				CLANG_ANALYZER_NUMBER_OBJECT_CONVERSION = YES_AGGRESSIVE;
				CLANG_CXX_LANGUAGE_STANDARD = "gnu++17";
				CLANG_CXX_LIBRARY = "libc++";
				CLANG_ENABLE_MODULES = YES;
				CLANG_ENABLE_OBJC_ARC = YES;
				CLANG_ENABLE_OBJC_WEAK = YES;
				CLANG_WARN_BLOCK_CAPTURE_AUTORELEASING = YES;
				CLANG_WARN_BOOL_CONVERSION = YES;
				CLANG_WARN_COMMA = YES;
				CLANG_WARN_CONSTANT_CONVERSION = YES;
				CLANG_WARN_DEPRECATED_OBJC_IMPLEMENTATIONS = YES;
				CLANG_WARN_DIRECT_OBJC_ISA_USAGE = YES_ERROR;
				CLANG_WARN_DOCUMENTATION_COMMENTS = YES;
				CLANG_WARN_EMPTY_BODY = YES;
				CLANG_WARN_ENUM_CONVERSION = YES;
				CLANG_WARN_INFINITE_RECURSION = YES;
				CLANG_WARN_INT_CONVERSION = YES;
				CLANG_WARN_NON_LITERAL_NULL_CONVERSION = YES;
				CLANG_WARN_OBJC_IMPLICIT_RETAIN_SELF = YES;
				CLANG_WARN_OBJC_LITERAL_CONVERSION = YES;
				CLANG_WARN_OBJC_ROOT_CLASS = YES_ERROR;
				CLANG_WARN_QUOTED_INCLUDE_IN_FRAMEWORK_HEADER = YES;
				CLANG_WARN_RANGE_LOOP_ANALYSIS = YES;
				CLANG_WARN_STRICT_PROTOTYPES = YES;
				CLANG_WARN_SUSPICIOUS_MOVE = YES;
				CLANG_WARN_UNGUARDED_AVAILABILITY = YES_AGGRESSIVE;
				CLANG_WARN_UNREACHABLE_CODE = YES;
				CLANG_WARN__DUPLICATE_METHOD_MATCH = YES;
				COPY_PHASE_STRIP = NO;
				DEBUG_INFORMATION_FORMAT = "dwarf-with-dsym";
				ENABLE_NS_ASSERTIONS = NO;
				ENABLE_STRICT_OBJC_MSGSEND = YES;
				GCC_C_LANGUAGE_STANDARD = gnu11;
				GCC_NO_COMMON_BLOCKS = YES;
				GCC_WARN_64_TO_32_BIT_CONVERSION = YES;
				GCC_WARN_ABOUT_RETURN_TYPE = YES_ERROR;
				GCC_WARN_UNDECLARED_SELECTOR = YES;
				GCC_WARN_UNINITIALIZED_AUTOS = YES_AGGRESSIVE;
				GCC_WARN_UNUSED_FUNCTION = YES;
				GCC_WARN_UNUSED_VARIABLE = YES;
				IPHONEOS_DEPLOYMENT_TARGET = 15.0;
				MTL_ENABLE_DEBUG_INFO = NO;
				MTL_FAST_MATH = YES;
				SDKROOT = iphoneos;
				SWIFT_COMPILATION_MODE = wholemodule;
				SWIFT_OPTIMIZATION_LEVEL = "-O";
				VALIDATE_PRODUCT = YES;
			};
			name = Release;
		};
		EEB1A92F26E9D58F000C4416 /* Debug */ = {
			isa = XCBuildConfiguration;
			buildSettings = {
				ASSETCATALOG_COMPILER_APPICON_NAME = AppIcon;
				ASSETCATALOG_COMPILER_GLOBAL_ACCENT_COLOR_NAME = AccentColor;
				CODE_SIGN_STYLE = Automatic;
				CURRENT_PROJECT_VERSION = 1;
				GENERATE_INFOPLIST_FILE = YES;
				INFOPLIST_FILE = Async/Info.plist;
				INFOPLIST_KEY_UIApplicationSupportsIndirectInputEvents = YES;
				INFOPLIST_KEY_UILaunchStoryboardName = LaunchScreen;
				INFOPLIST_KEY_UIMainStoryboardFile = Main;
				INFOPLIST_KEY_UISupportedInterfaceOrientations_iPad = "UIInterfaceOrientationPortrait UIInterfaceOrientationPortraitUpsideDown UIInterfaceOrientationLandscapeLeft UIInterfaceOrientationLandscapeRight";
				INFOPLIST_KEY_UISupportedInterfaceOrientations_iPhone = "UIInterfaceOrientationPortrait UIInterfaceOrientationLandscapeLeft UIInterfaceOrientationLandscapeRight";
				LD_RUNPATH_SEARCH_PATHS = (
					"$(inherited)",
					"@executable_path/Frameworks",
				);
				MARKETING_VERSION = 1.0;
				PRODUCT_BUNDLE_IDENTIFIER = xx.Async;
				PRODUCT_NAME = "$(TARGET_NAME)";
				SWIFT_EMIT_LOC_STRINGS = YES;
				SWIFT_VERSION = 5.0;
				TARGETED_DEVICE_FAMILY = "1,2";
			};
			name = Debug;
		};
		EEB1A93026E9D58F000C4416 /* Release */ = {
			isa = XCBuildConfiguration;
			buildSettings = {
				ASSETCATALOG_COMPILER_APPICON_NAME = AppIcon;
				ASSETCATALOG_COMPILER_GLOBAL_ACCENT_COLOR_NAME = AccentColor;
				CODE_SIGN_STYLE = Automatic;
				CURRENT_PROJECT_VERSION = 1;
				GENERATE_INFOPLIST_FILE = YES;
				INFOPLIST_FILE = Async/Info.plist;
				INFOPLIST_KEY_UIApplicationSupportsIndirectInputEvents = YES;
				INFOPLIST_KEY_UILaunchStoryboardName = LaunchScreen;
				INFOPLIST_KEY_UIMainStoryboardFile = Main;
				INFOPLIST_KEY_UISupportedInterfaceOrientations_iPad = "UIInterfaceOrientationPortrait UIInterfaceOrientationPortraitUpsideDown UIInterfaceOrientationLandscapeLeft UIInterfaceOrientationLandscapeRight";
				INFOPLIST_KEY_UISupportedInterfaceOrientations_iPhone = "UIInterfaceOrientationPortrait UIInterfaceOrientationLandscapeLeft UIInterfaceOrientationLandscapeRight";
				LD_RUNPATH_SEARCH_PATHS = (
					"$(inherited)",
					"@executable_path/Frameworks",
				);
				MARKETING_VERSION = 1.0;
				PRODUCT_BUNDLE_IDENTIFIER = xx.Async;
				PRODUCT_NAME = "$(TARGET_NAME)";
				SWIFT_EMIT_LOC_STRINGS = YES;
				SWIFT_VERSION = 5.0;
				TARGETED_DEVICE_FAMILY = "1,2";
			};
			name = Release;
		};
		EEB1A93226E9D58F000C4416 /* Debug */ = {
			isa = XCBuildConfiguration;
			buildSettings = {
				ALWAYS_EMBED_SWIFT_STANDARD_LIBRARIES = YES;
				BUNDLE_LOADER = "$(TEST_HOST)";
				CODE_SIGN_STYLE = Automatic;
				CURRENT_PROJECT_VERSION = 1;
				GENERATE_INFOPLIST_FILE = YES;
				IPHONEOS_DEPLOYMENT_TARGET = 15.0;
				LD_RUNPATH_SEARCH_PATHS = (
					"$(inherited)",
					"@executable_path/Frameworks",
					"@loader_path/Frameworks",
				);
				MARKETING_VERSION = 1.0;
				PRODUCT_BUNDLE_IDENTIFIER = xx.AsyncTests;
				PRODUCT_NAME = "$(TARGET_NAME)";
				SWIFT_EMIT_LOC_STRINGS = NO;
				SWIFT_VERSION = 5.0;
				TARGETED_DEVICE_FAMILY = "1,2";
				TEST_HOST = "$(BUILT_PRODUCTS_DIR)/Async.app/Async";
			};
			name = Debug;
		};
		EEB1A93326E9D58F000C4416 /* Release */ = {
			isa = XCBuildConfiguration;
			buildSettings = {
				ALWAYS_EMBED_SWIFT_STANDARD_LIBRARIES = YES;
				BUNDLE_LOADER = "$(TEST_HOST)";
				CODE_SIGN_STYLE = Automatic;
				CURRENT_PROJECT_VERSION = 1;
				GENERATE_INFOPLIST_FILE = YES;
				IPHONEOS_DEPLOYMENT_TARGET = 15.0;
				LD_RUNPATH_SEARCH_PATHS = (
					"$(inherited)",
					"@executable_path/Frameworks",
					"@loader_path/Frameworks",
				);
				MARKETING_VERSION = 1.0;
				PRODUCT_BUNDLE_IDENTIFIER = xx.AsyncTests;
				PRODUCT_NAME = "$(TARGET_NAME)";
				SWIFT_EMIT_LOC_STRINGS = NO;
				SWIFT_VERSION = 5.0;
				TARGETED_DEVICE_FAMILY = "1,2";
				TEST_HOST = "$(BUILT_PRODUCTS_DIR)/Async.app/Async";
			};
			name = Release;
		};
		EEB1A93526E9D58F000C4416 /* Debug */ = {
			isa = XCBuildConfiguration;
			buildSettings = {
				ALWAYS_EMBED_SWIFT_STANDARD_LIBRARIES = YES;
				CODE_SIGN_STYLE = Automatic;
				CURRENT_PROJECT_VERSION = 1;
				GENERATE_INFOPLIST_FILE = YES;
				LD_RUNPATH_SEARCH_PATHS = (
					"$(inherited)",
					"@executable_path/Frameworks",
					"@loader_path/Frameworks",
				);
				MARKETING_VERSION = 1.0;
				PRODUCT_BUNDLE_IDENTIFIER = xx.AsyncUITests;
				PRODUCT_NAME = "$(TARGET_NAME)";
				SWIFT_EMIT_LOC_STRINGS = NO;
				SWIFT_VERSION = 5.0;
				TARGETED_DEVICE_FAMILY = "1,2";
				TEST_TARGET_NAME = Async;
			};
			name = Debug;
		};
		EEB1A93626E9D58F000C4416 /* Release */ = {
			isa = XCBuildConfiguration;
			buildSettings = {
				ALWAYS_EMBED_SWIFT_STANDARD_LIBRARIES = YES;
				CODE_SIGN_STYLE = Automatic;
				CURRENT_PROJECT_VERSION = 1;
				GENERATE_INFOPLIST_FILE = YES;
				LD_RUNPATH_SEARCH_PATHS = (
					"$(inherited)",
					"@executable_path/Frameworks",
					"@loader_path/Frameworks",
				);
				MARKETING_VERSION = 1.0;
				PRODUCT_BUNDLE_IDENTIFIER = xx.AsyncUITests;
				PRODUCT_NAME = "$(TARGET_NAME)";
				SWIFT_EMIT_LOC_STRINGS = NO;
				SWIFT_VERSION = 5.0;
				TARGETED_DEVICE_FAMILY = "1,2";
				TEST_TARGET_NAME = Async;
			};
			name = Release;
		};
/* End XCBuildConfiguration section */

/* Begin XCConfigurationList section */
		EEB1A90126E9D58D000C4416 /* Build configuration list for PBXProject "Async" */ = {
			isa = XCConfigurationList;
			buildConfigurations = (
				EEB1A92C26E9D58F000C4416 /* Debug */,
				EEB1A92D26E9D58F000C4416 /* Release */,
			);
			defaultConfigurationIsVisible = 0;
			defaultConfigurationName = Release;
		};
		EEB1A92E26E9D58F000C4416 /* Build configuration list for PBXNativeTarget "Async" */ = {
			isa = XCConfigurationList;
			buildConfigurations = (
				EEB1A92F26E9D58F000C4416 /* Debug */,
				EEB1A93026E9D58F000C4416 /* Release */,
			);
			defaultConfigurationIsVisible = 0;
			defaultConfigurationName = Release;
		};
		EEB1A93126E9D58F000C4416 /* Build configuration list for PBXNativeTarget "AsyncTests" */ = {
			isa = XCConfigurationList;
			buildConfigurations = (
				EEB1A93226E9D58F000C4416 /* Debug */,
				EEB1A93326E9D58F000C4416 /* Release */,
			);
			defaultConfigurationIsVisible = 0;
			defaultConfigurationName = Release;
		};
		EEB1A93426E9D58F000C4416 /* Build configuration list for PBXNativeTarget "AsyncUITests" */ = {
			isa = XCConfigurationList;
			buildConfigurations = (
				EEB1A93526E9D58F000C4416 /* Debug */,
				EEB1A93626E9D58F000C4416 /* Release */,
			);
			defaultConfigurationIsVisible = 0;
			defaultConfigurationName = Release;
		};
/* End XCConfigurationList section */
	};
	rootObject = EEB1A8FE26E9D58D000C4416 /* Project object */;
}
